
Microsoft Visual Studio Solution File, Format Version 11.00
# Visual Studio 2010
Project("{FAE04EC0-301F-11D3-BF4B-00C04F79EFBC}") = "SE21 toets april", "SE21 toets april\SE21 toets april.csproj", "{CF246364-AECD-4962-9359-342CA34949D2}"
EndProject
Global
	GlobalSection(SolutionConfigurationPlatforms) = preSolution
		Debug|x86 = Debug|x86
		Release|x86 = Release|x86
	EndGlobalSection
	GlobalSection(ProjectConfigurationPlatforms) = postSolution
		{CF246364-AECD-4962-9359-342CA34949D2}.Debug|x86.ActiveCfg = Debug|x86
		{CF246364-AECD-4962-9359-342CA34949D2}.Debug|x86.Build.0 = Debug|x86
		{CF246364-AECD-4962-9359-342CA34949D2}.Release|x86.ActiveCfg = Release|x86
		{CF246364-AECD-4962-9359-342CA34949D2}.Release|x86.Build.0 = Release|x86
	EndGlobalSection
	GlobalSection(SolutionProperties) = preSolution
		HideSolutionNode = FALSE
	EndGlobalSection
EndGlobal
