
Microsoft Visual Studio Solution File, Format Version 11.00
# Visual Studio 2010
Project("{FAE04EC0-301F-11D3-BF4B-00C04F79EFBC}") = "WindowsFormshoofdstuk2", "WindowsFormshoofdstuk2\WindowsFormshoofdstuk2.csproj", "{61EE0E48-62F2-4EF3-965E-DB7A61949BC3}"
EndProject
Global
	GlobalSection(SolutionConfigurationPlatforms) = preSolution
		Debug|x86 = Debug|x86
		Release|x86 = Release|x86
	EndGlobalSection
	GlobalSection(ProjectConfigurationPlatforms) = postSolution
		{61EE0E48-62F2-4EF3-965E-DB7A61949BC3}.Debug|x86.ActiveCfg = Debug|x86
		{61EE0E48-62F2-4EF3-965E-DB7A61949BC3}.Debug|x86.Build.0 = Debug|x86
		{61EE0E48-62F2-4EF3-965E-DB7A61949BC3}.Release|x86.ActiveCfg = Release|x86
		{61EE0E48-62F2-4EF3-965E-DB7A61949BC3}.Release|x86.Build.0 = Release|x86
	EndGlobalSection
	GlobalSection(SolutionProperties) = preSolution
		HideSolutionNode = FALSE
	EndGlobalSection
EndGlobal
