
Microsoft Visual Studio Solution File, Format Version 11.00
# Visual Studio 2010
Project("{FAE04EC0-301F-11D3-BF4B-00C04F79EFBC}") = "Top Secret", "Top Secret\Top Secret\Top Secret.csproj", "{B396F9B0-0F59-451A-A69E-58074957C3F7}"
EndProject
Project("{FAE04EC0-301F-11D3-BF4B-00C04F79EFBC}") = "Top SecretContent", "Top Secret\Top SecretContent\Top SecretContent.contentproj", "{EF984807-0543-41FD-8D7B-81043BC480DA}"
EndProject
Project("{2150E333-8FDC-42A3-9474-1A3956D46DE8}") = "NewFolder1", "NewFolder1", "{77EEC86F-5AA1-49E0-99C8-03AA34DEB8A6}"
EndProject
Global
	GlobalSection(SolutionConfigurationPlatforms) = preSolution
		Debug|x86 = Debug|x86
		Release|x86 = Release|x86
	EndGlobalSection
	GlobalSection(ProjectConfigurationPlatforms) = postSolution
		{B396F9B0-0F59-451A-A69E-58074957C3F7}.Debug|x86.ActiveCfg = Debug|x86
		{B396F9B0-0F59-451A-A69E-58074957C3F7}.Debug|x86.Build.0 = Debug|x86
		{B396F9B0-0F59-451A-A69E-58074957C3F7}.Release|x86.ActiveCfg = Release|x86
		{B396F9B0-0F59-451A-A69E-58074957C3F7}.Release|x86.Build.0 = Release|x86
		{EF984807-0543-41FD-8D7B-81043BC480DA}.Debug|x86.ActiveCfg = Debug|x86
		{EF984807-0543-41FD-8D7B-81043BC480DA}.Release|x86.ActiveCfg = Release|x86
	EndGlobalSection
	GlobalSection(SolutionProperties) = preSolution
		HideSolutionNode = FALSE
	EndGlobalSection
EndGlobal
