
Microsoft Visual Studio Solution File, Format Version 11.00
# Visual Studio 2010
Project("{FAE04EC0-301F-11D3-BF4B-00C04F79EFBC}") = "MijnEersteTekening", "MijnEersteTekening\MijnEersteTekening.csproj", "{66DDAA54-8EC1-4525-8F93-C37CADE27245}"
EndProject
Global
	GlobalSection(SolutionConfigurationPlatforms) = preSolution
		Debug|Any CPU = Debug|Any CPU
		Release|Any CPU = Release|Any CPU
	EndGlobalSection
	GlobalSection(ProjectConfigurationPlatforms) = postSolution
		{66DDAA54-8EC1-4525-8F93-C37CADE27245}.Debug|Any CPU.ActiveCfg = Debug|Any CPU
		{66DDAA54-8EC1-4525-8F93-C37CADE27245}.Debug|Any CPU.Build.0 = Debug|Any CPU
		{66DDAA54-8EC1-4525-8F93-C37CADE27245}.Release|Any CPU.ActiveCfg = Release|Any CPU
		{66DDAA54-8EC1-4525-8F93-C37CADE27245}.Release|Any CPU.Build.0 = Release|Any CPU
	EndGlobalSection
	GlobalSection(SolutionProperties) = preSolution
		HideSolutionNode = FALSE
	EndGlobalSection
EndGlobal
