
Microsoft Visual Studio Solution File, Format Version 11.00
# Visual Studio 2010
Project("{FAE04EC0-301F-11D3-BF4B-00C04F79EFBC}") = "TopSecret2", "TopSecret2\TopSecret2\TopSecret2.csproj", "{5ED1FDAD-D6FF-4690-BF2C-F411261B54B0}"
EndProject
Project("{96E2B04D-8817-42C6-938A-82C39BA4D311}") = "TopSecret2Content", "TopSecret2\TopSecret2Content\TopSecret2Content.contentproj", "{8B245D93-79CB-4A3E-A894-DA279A327CC4}"
EndProject
Global
	GlobalSection(SolutionConfigurationPlatforms) = preSolution
		Debug|x86 = Debug|x86
		Release|x86 = Release|x86
	EndGlobalSection
	GlobalSection(ProjectConfigurationPlatforms) = postSolution
		{5ED1FDAD-D6FF-4690-BF2C-F411261B54B0}.Debug|x86.ActiveCfg = Debug|x86
		{5ED1FDAD-D6FF-4690-BF2C-F411261B54B0}.Debug|x86.Build.0 = Debug|x86
		{5ED1FDAD-D6FF-4690-BF2C-F411261B54B0}.Release|x86.ActiveCfg = Release|x86
		{5ED1FDAD-D6FF-4690-BF2C-F411261B54B0}.Release|x86.Build.0 = Release|x86
		{8B245D93-79CB-4A3E-A894-DA279A327CC4}.Debug|x86.ActiveCfg = Debug|x86
		{8B245D93-79CB-4A3E-A894-DA279A327CC4}.Release|x86.ActiveCfg = Release|x86
	EndGlobalSection
	GlobalSection(SolutionProperties) = preSolution
		HideSolutionNode = FALSE
	EndGlobalSection
EndGlobal
